// !$*UTF8*$!
{
	archiveVersion = 1;
	classes = {
	};
	objectVersion = 77;
	objects = {

/* Begin PBXBuildFile section */
		168EE54C2E9E121F00505CB2 /* Speech.framework in Frameworks */ = {isa = PBXBuildFile; fileRef = 168EE54B2E9E121F00505CB2 /* Speech.framework */; };
/* End PBXBuildFile section */

/* Begin PBXContainerItemProxy section */
		168EE52E2E9E10BF00505CB2 /* PBXContainerItemProxy */ = {
			isa = PBXContainerItemProxy;
			containerPortal = 168EE5182E9E10BA00505CB2 /* Project object */;
			proxyType = 1;
			remoteGlobalIDString = 168EE51F2E9E10BA00505CB2;
			remoteInfo = SpeechToText;
		};
		168EE5382E9E10BF00505CB2 /* PBXContainerItemProxy */ = {
			isa = PBXContainerItemProxy;
			containerPortal = 168EE5182E9E10BA00505CB2 /* Project object */;
			proxyType = 1;
			remoteGlobalIDString = 168EE51F2E9E10BA00505CB2;
			remoteInfo = SpeechToText;
		};
/* End PBXContainerItemProxy section */

/* Begin PBXFileReference section */
		168EE5202E9E10BA00505CB2 /* SpeechToText.app */ = {isa = PBXFileReference; explicitFileType = wrapper.application; includeInIndex = 0; path = SpeechToText.app; sourceTree = BUILT_PRODUCTS_DIR; };
		168EE52D2E9E10BF00505CB2 /* SpeechToTextTests.xctest */ = {isa = PBXFileReference; explicitFileType = wrapper.cfbundle; includeInIndex = 0; path = SpeechToTextTests.xctest; sourceTree = BUILT_PRODUCTS_DIR; };
		168EE5372E9E10BF00505CB2 /* SpeechToTextUITests.xctest */ = {isa = PBXFileReference; explicitFileType = wrapper.cfbundle; includeInIndex = 0; path = SpeechToTextUITests.xctest; sourceTree = BUILT_PRODUCTS_DIR; };
		168EE54B2E9E121F00505CB2 /* Speech.framework */ = {isa = PBXFileReference; lastKnownFileType = wrapper.framework; name = Speech.framework; path = System/Library/Frameworks/Speech.framework; sourceTree = SDKROOT; };
/* End PBXFileReference section */

/* Begin PBXFileSystemSynchronizedBuildFileExceptionSet section */
		168EE54E2E9E128600505CB2 /* Exceptions for "SpeechToText" folder in "SpeechToText" target */ = {
			isa = PBXFileSystemSynchronizedBuildFileExceptionSet;
			membershipExceptions = (
				Info.plist,
			);
			target = 168EE51F2E9E10BA00505CB2 /* SpeechToText */;
		};
/* End PBXFileSystemSynchronizedBuildFileExceptionSet section */

/* Begin PBXFileSystemSynchronizedRootGroup section */
		168EE5222E9E10BA00505CB2 /* SpeechToText */ = {
			isa = PBXFileSystemSynchronizedRootGroup;
			exceptions = (
				168EE54E2E9E128600505CB2 /* Exceptions for "SpeechToText" folder in "SpeechToText" target */,
			);
			path = SpeechToText;
			sourceTree = "<group>";
		};
		168EE5302E9E10BF00505CB2 /* SpeechToTextTests */ = {
			isa = PBXFileSystemSynchronizedRootGroup;
			path = SpeechToTextTests;
			sourceTree = "<group>";
		};
		168EE53A2E9E10BF00505CB2 /* SpeechToTextUITests */ = {
			isa = PBXFileSystemSynchronizedRootGroup;
			path = SpeechToTextUITests;
			sourceTree = "<group>";
		};
/* End PBXFileSystemSynchronizedRootGroup section */

/* Begin PBXFrameworksBuildPhase section */
		168EE51D2E9E10BA00505CB2 /* Frameworks */ = {
			isa = PBXFrameworksBuildPhase;
			buildActionMask = 2147483647;
			files = (
				168EE54C2E9E121F00505CB2 /* Speech.framework in Frameworks */,
			);
			runOnlyForDeploymentPostprocessing = 0;
		};
		168EE52A2E9E10BF00505CB2 /* Frameworks */ = {
			isa = PBXFrameworksBuildPhase;
			buildActionMask = 2147483647;
			files = (
			);
			runOnlyForDeploymentPostprocessing = 0;
		};
		168EE5342E9E10BF00505CB2 /* Frameworks */ = {
			isa = PBXFrameworksBuildPhase;
			buildActionMask = 2147483647;
			files = (
			);
			runOnlyForDeploymentPostprocessing = 0;
		};
/* End PBXFrameworksBuildPhase section */

/* Begin PBXGroup section */
		168EE5172E9E10BA00505CB2 = {
			isa = PBXGroup;
			children = (
				168EE5222E9E10BA00505CB2 /* SpeechToText */,
				168EE5302E9E10BF00505CB2 /* SpeechToTextTests */,
				168EE53A2E9E10BF00505CB2 /* SpeechToTextUITests */,
				168EE54A2E9E121E00505CB2 /* Frameworks */,
				168EE5212E9E10BA00505CB2 /* Products */,
			);
			sourceTree = "<group>";
		};
		168EE5212E9E10BA00505CB2 /* Products */ = {
			isa = PBXGroup;
			children = (
				168EE5202E9E10BA00505CB2 /* SpeechToText.app */,
				168EE52D2E9E10BF00505CB2 /* SpeechToTextTests.xctest */,
				168EE5372E9E10BF00505CB2 /* SpeechToTextUITests.xctest */,
			);
			name = Products;
			sourceTree = "<group>";
		};
		168EE54A2E9E121E00505CB2 /* Frameworks */ = {
			isa = PBXGroup;
			children = (
				168EE54B2E9E121F00505CB2 /* Speech.framework */,
			);
			name = Frameworks;
			sourceTree = "<group>";
		};
/* End PBXGroup section */

/* Begin PBXNativeTarget section */
		168EE51F2E9E10BA00505CB2 /* SpeechToText */ = {
			isa = PBXNativeTarget;
			buildConfigurationList = 168EE5412E9E10BF00505CB2 /* Build configuration list for PBXNativeTarget "SpeechToText" */;
			buildPhases = (
				168EE51C2E9E10BA00505CB2 /* Sources */,
				168EE51D2E9E10BA00505CB2 /* Frameworks */,
				168EE51E2E9E10BA00505CB2 /* Resources */,
			);
			buildRules = (
			);
			dependencies = (
			);
			fileSystemSynchronizedGroups = (
				168EE5222E9E10BA00505CB2 /* SpeechToText */,
			);
			name = SpeechToText;
			packageProductDependencies = (
			);
			productName = SpeechToText;
			productReference = 168EE5202E9E10BA00505CB2 /* SpeechToText.app */;
			productType = "com.apple.product-type.application";
		};
		168EE52C2E9E10BF00505CB2 /* SpeechToTextTests */ = {
			isa = PBXNativeTarget;
			buildConfigurationList = 168EE5442E9E10BF00505CB2 /* Build configuration list for PBXNativeTarget "SpeechToTextTests" */;
			buildPhases = (
				168EE5292E9E10BF00505CB2 /* Sources */,
				168EE52A2E9E10BF00505CB2 /* Frameworks */,
				168EE52B2E9E10BF00505CB2 /* Resources */,
			);
			buildRules = (
			);
			dependencies = (
				168EE52F2E9E10BF00505CB2 /* PBXTargetDependency */,
			);
			fileSystemSynchronizedGroups = (
				168EE5302E9E10BF00505CB2 /* SpeechToTextTests */,
			);
			name = SpeechToTextTests;
			packageProductDependencies = (
			);
			productName = SpeechToTextTests;
			productReference = 168EE52D2E9E10BF00505CB2 /* SpeechToTextTests.xctest */;
			productType = "com.apple.product-type.bundle.unit-test";
		};
		168EE5362E9E10BF00505CB2 /* SpeechToTextUITests */ = {
			isa = PBXNativeTarget;
			buildConfigurationList = 168EE5472E9E10BF00505CB2 /* Build configuration list for PBXNativeTarget "SpeechToTextUITests" */;
			buildPhases = (
				168EE5332E9E10BF00505CB2 /* Sources */,
				168EE5342E9E10BF00505CB2 /* Frameworks */,
				168EE5352E9E10BF00505CB2 /* Resources */,
			);
			buildRules = (
			);
			dependencies = (
				168EE5392E9E10BF00505CB2 /* PBXTargetDependency */,
			);
			fileSystemSynchronizedGroups = (
				168EE53A2E9E10BF00505CB2 /* SpeechToTextUITests */,
			);
			name = SpeechToTextUITests;
			packageProductDependencies = (
			);
			productName = SpeechToTextUITests;
			productReference = 168EE5372E9E10BF00505CB2 /* SpeechToTextUITests.xctest */;
			productType = "com.apple.product-type.bundle.ui-testing";
		};
/* End PBXNativeTarget section */

/* Begin PBXProject section */
		168EE5182E9E10BA00505CB2 /* Project object */ = {
			isa = PBXProject;
			attributes = {
				BuildIndependentTargetsInParallel = 1;
				LastSwiftUpdateCheck = 1640;
				LastUpgradeCheck = 1640;
				TargetAttributes = {
					168EE51F2E9E10BA00505CB2 = {
						CreatedOnToolsVersion = 16.4;
					};
					168EE52C2E9E10BF00505CB2 = {
						CreatedOnToolsVersion = 16.4;
						TestTargetID = 168EE51F2E9E10BA00505CB2;
					};
					168EE5362E9E10BF00505CB2 = {
						CreatedOnToolsVersion = 16.4;
						TestTargetID = 168EE51F2E9E10BA00505CB2;
					};
				};
			};
			buildConfigurationList = 168EE51B2E9E10BA00505CB2 /* Build configuration list for PBXProject "SpeechToText" */;
			developmentRegion = en;
			hasScannedForEncodings = 0;
			knownRegions = (
				en,
				Base,
			);
			mainGroup = 168EE5172E9E10BA00505CB2;
			minimizedProjectReferenceProxies = 1;
			preferredProjectObjectVersion = 77;
			productRefGroup = 168EE5212E9E10BA00505CB2 /* Products */;
			projectDirPath = "";
			projectRoot = "";
			targets = (
				168EE51F2E9E10BA00505CB2 /* SpeechToText */,
				168EE52C2E9E10BF00505CB2 /* SpeechToTextTests */,
				168EE5362E9E10BF00505CB2 /* SpeechToTextUITests */,
			);
		};
/* End PBXProject section */

/* Begin PBXResourcesBuildPhase section */
		168EE51E2E9E10BA00505CB2 /* Resources */ = {
			isa = PBXResourcesBuildPhase;
			buildActionMask = 2147483647;
			files = (
			);
			runOnlyForDeploymentPostprocessing = 0;
		};
		168EE52B2E9E10BF00505CB2 /* Resources */ = {
			isa = PBXResourcesBuildPhase;
			buildActionMask = 2147483647;
			files = (
			);
			runOnlyForDeploymentPostprocessing = 0;
		};
		168EE5352E9E10BF00505CB2 /* Resources */ = {
			isa = PBXResourcesBuildPhase;
			buildActionMask = 2147483647;
			files = (
			);
			runOnlyForDeploymentPostprocessing = 0;
		};
/* End PBXResourcesBuildPhase section */

/* Begin PBXSourcesBuildPhase section */
		168EE51C2E9E10BA00505CB2 /* Sources */ = {
			isa = PBXSourcesBuildPhase;
			buildActionMask = 2147483647;
			files = (
			);
			runOnlyForDeploymentPostprocessing = 0;
		};
		168EE5292E9E10BF00505CB2 /* Sources */ = {
			isa = PBXSourcesBuildPhase;
			buildActionMask = 2147483647;
			files = (
			);
			runOnlyForDeploymentPostprocessing = 0;
		};
		168EE5332E9E10BF00505CB2 /* Sources */ = {
			isa = PBXSourcesBuildPhase;
			buildActionMask = 2147483647;
			files = (
			);
			runOnlyForDeploymentPostprocessing = 0;
		};
/* End PBXSourcesBuildPhase section */

/* Begin PBXTargetDependency section */
		168EE52F2E9E10BF00505CB2 /* PBXTargetDependency */ = {
			isa = PBXTargetDependency;
			target = 168EE51F2E9E10BA00505CB2 /* SpeechToText */;
			targetProxy = 168EE52E2E9E10BF00505CB2 /* PBXContainerItemProxy */;
		};
		168EE5392E9E10BF00505CB2 /* PBXTargetDependency */ = {
			isa = PBXTargetDependency;
			target = 168EE51F2E9E10BA00505CB2 /* SpeechToText */;
			targetProxy = 168EE5382E9E10BF00505CB2 /* PBXContainerItemProxy */;
		};
/* End PBXTargetDependency section */

/* Begin XCBuildConfiguration section */
		168EE53F2E9E10BF00505CB2 /* Debug */ = {
			isa = XCBuildConfiguration;
			buildSettings = {
				ALWAYS_SEARCH_USER_PATHS = NO;
				ASSETCATALOG_COMPILER_GENERATE_SWIFT_ASSET_SYMBOL_EXTENSIONS = YES;
				CLANG_ANALYZER_NONNULL = YES;
				CLANG_ANALYZER_NUMBER_OBJECT_CONVERSION = YES_AGGRESSIVE;
				CLANG_CXX_LANGUAGE_STANDARD = "gnu++20";
				CLANG_ENABLE_MODULES = YES;
				CLANG_ENABLE_OBJC_ARC = YES;
				CLANG_ENABLE_OBJC_WEAK = YES;
				CLANG_WARN_BLOCK_CAPTURE_AUTORELEASING = YES;
				CLANG_WARN_BOOL_CONVERSION = YES;
				CLANG_WARN_COMMA = YES;
				CLANG_WARN_CONSTANT_CONVERSION = YES;
				CLANG_WARN_DEPRECATED_OBJC_IMPLEMENTATIONS = YES;
				CLANG_WARN_DIRECT_OBJC_ISA_USAGE = YES_ERROR;
				CLANG_WARN_DOCUMENTATION_COMMENTS = YES;
				CLANG_WARN_EMPTY_BODY = YES;
				CLANG_WARN_ENUM_CONVERSION = YES;
				CLANG_WARN_INFINITE_RECURSION = YES;
				CLANG_WARN_INT_CONVERSION = YES;
				CLANG_WARN_NON_LITERAL_NULL_CONVERSION = YES;
				CLANG_WARN_OBJC_IMPLICIT_RETAIN_SELF = YES;
				CLANG_WARN_OBJC_LITERAL_CONVERSION = YES;
				CLANG_WARN_OBJC_ROOT_CLASS = YES_ERROR;
				CLANG_WARN_QUOTED_INCLUDE_IN_FRAMEWORK_HEADER = YES;
				CLANG_WARN_RANGE_LOOP_ANALYSIS = YES;
				CLANG_WARN_STRICT_PROTOTYPES = YES;
				CLANG_WARN_SUSPICIOUS_MOVE = YES;
				CLANG_WARN_UNGUARDED_AVAILABILITY = YES_AGGRESSIVE;
				CLANG_WARN_UNREACHABLE_CODE = YES;
				CLANG_WARN__DUPLICATE_METHOD_MATCH = YES;
				COPY_PHASE_STRIP = NO;
				DEBUG_INFORMATION_FORMAT = dwarf;
				DEVELOPMENT_TEAM = BD7Y2B4ZKU;
				ENABLE_STRICT_OBJC_MSGSEND = YES;
				ENABLE_TESTABILITY = YES;
				ENABLE_USER_SCRIPT_SANDBOXING = YES;
				GCC_C_LANGUAGE_STANDARD = gnu17;
				GCC_DYNAMIC_NO_PIC = NO;
				GCC_NO_COMMON_BLOCKS = YES;
				GCC_OPTIMIZATION_LEVEL = 0;
				GCC_PREPROCESSOR_DEFINITIONS = (
					"DEBUG=1",
					"$(inherited)",
				);
				GCC_WARN_64_TO_32_BIT_CONVERSION = YES;
				GCC_WARN_ABOUT_RETURN_TYPE = YES_ERROR;
				GCC_WARN_UNDECLARED_SELECTOR = YES;
				GCC_WARN_UNINITIALIZED_AUTOS = YES_AGGRESSIVE;
				GCC_WARN_UNUSED_FUNCTION = YES;
				GCC_WARN_UNUSED_VARIABLE = YES;
				IPHONEOS_DEPLOYMENT_TARGET = 18.5;
				LOCALIZATION_PREFERS_STRING_CATALOGS = YES;
				MTL_ENABLE_DEBUG_INFO = INCLUDE_SOURCE;
				MTL_FAST_MATH = YES;
				ONLY_ACTIVE_ARCH = YES;
				SDKROOT = iphoneos;
				SWIFT_ACTIVE_COMPILATION_CONDITIONS = "DEBUG $(inherited)";
				SWIFT_OPTIMIZATION_LEVEL = "-Onone";
			};
			name = Debug;
		};
		168EE5402E9E10BF00505CB2 /* Release */ = {
			isa = XCBuildConfiguration;
			buildSettings = {
				ALWAYS_SEARCH_USER_PATHS = NO;
				ASSETCATALOG_COMPILER_GENERATE_SWIFT_ASSET_SYMBOL_EXTENSIONS = YES;
				CLANG_ANALYZER_NONNULL = YES;
				CLANG_ANALYZER_NUMBER_OBJECT_CONVERSION = YES_AGGRESSIVE;
				CLANG_CXX_LANGUAGE_STANDARD = "gnu++20";
				CLANG_ENABLE_MODULES = YES;
				CLANG_ENABLE_OBJC_ARC = YES;
				CLANG_ENABLE_OBJC_WEAK = YES;
				CLANG_WARN_BLOCK_CAPTURE_AUTORELEASING = YES;
				CLANG_WARN_BOOL_CONVERSION = YES;
				CLANG_WARN_COMMA = YES;
				CLANG_WARN_CONSTANT_CONVERSION = YES;
				CLANG_WARN_DEPRECATED_OBJC_IMPLEMENTATIONS = YES;
				CLANG_WARN_DIRECT_OBJC_ISA_USAGE = YES_ERROR;
				CLANG_WARN_DOCUMENTATION_COMMENTS = YES;
				CLANG_WARN_EMPTY_BODY = YES;
				CLANG_WARN_ENUM_CONVERSION = YES;
				CLANG_WARN_INFINITE_RECURSION = YES;
				CLANG_WARN_INT_CONVERSION = YES;
				CLANG_WARN_NON_LITERAL_NULL_CONVERSION = YES;
				CLANG_WARN_OBJC_IMPLICIT_RETAIN_SELF = YES;
				CLANG_WARN_OBJC_LITERAL_CONVERSION = YES;
				CLANG_WARN_OBJC_ROOT_CLASS = YES_ERROR;
				CLANG_WARN_QUOTED_INCLUDE_IN_FRAMEWORK_HEADER = YES;
				CLANG_WARN_RANGE_LOOP_ANALYSIS = YES;
				CLANG_WARN_STRICT_PROTOTYPES = YES;
				CLANG_WARN_SUSPICIOUS_MOVE = YES;
				CLANG_WARN_UNGUARDED_AVAILABILITY = YES_AGGRESSIVE;
				CLANG_WARN_UNREACHABLE_CODE = YES;
				CLANG_WARN__DUPLICATE_METHOD_MATCH = YES;
				COPY_PHASE_STRIP = NO;
				DEBUG_INFORMATION_FORMAT = "dwarf-with-dsym";
				DEVELOPMENT_TEAM = BD7Y2B4ZKU;
				ENABLE_NS_ASSERTIONS = NO;
				ENABLE_STRICT_OBJC_MSGSEND = YES;
				ENABLE_USER_SCRIPT_SANDBOXING = YES;
				GCC_C_LANGUAGE_STANDARD = gnu17;
				GCC_NO_COMMON_BLOCKS = YES;
				GCC_WARN_64_TO_32_BIT_CONVERSION = YES;
				GCC_WARN_ABOUT_RETURN_TYPE = YES_ERROR;
				GCC_WARN_UNDECLARED_SELECTOR = YES;
				GCC_WARN_UNINITIALIZED_AUTOS = YES_AGGRESSIVE;
				GCC_WARN_UNUSED_FUNCTION = YES;
				GCC_WARN_UNUSED_VARIABLE = YES;
				IPHONEOS_DEPLOYMENT_TARGET = 18.5;
				LOCALIZATION_PREFERS_STRING_CATALOGS = YES;
				MTL_ENABLE_DEBUG_INFO = NO;
				MTL_FAST_MATH = YES;
				SDKROOT = iphoneos;
				SWIFT_COMPILATION_MODE = wholemodule;
				VALIDATE_PRODUCT = YES;
			};
			name = Release;
		};
		168EE5422E9E10BF00505CB2 /* Debug */ = {
			isa = XCBuildConfiguration;
			buildSettings = {
				ASSETCATALOG_COMPILER_APPICON_NAME = AppIcon;
				ASSETCATALOG_COMPILER_GLOBAL_ACCENT_COLOR_NAME = AccentColor;
				CODE_SIGN_STYLE = Automatic;
				CURRENT_PROJECT_VERSION = 1;
				DEVELOPMENT_TEAM = BD7Y2B4ZKU;
				ENABLE_PREVIEWS = YES;
				GENERATE_INFOPLIST_FILE = YES;
				INFOPLIST_FILE = SpeechToText/Info.plist;
				INFOPLIST_KEY_LSApplicationCategoryType = "";
				INFOPLIST_KEY_NSMicrophoneUsageDescription = "Please Provide Your Mic Access";
				INFOPLIST_KEY_NSSpeechRecognitionUsageDescription = "We need access to your speech to convert it into text";
				INFOPLIST_KEY_UIApplicationSceneManifest_Generation = YES;
				INFOPLIST_KEY_UIApplicationSupportsIndirectInputEvents = YES;
				INFOPLIST_KEY_UILaunchScreen_Generation = YES;
				INFOPLIST_KEY_UISupportedInterfaceOrientations_iPad = "UIInterfaceOrientationPortrait UIInterfaceOrientationPortraitUpsideDown UIInterfaceOrientationLandscapeLeft UIInterfaceOrientationLandscapeRight";
				INFOPLIST_KEY_UISupportedInterfaceOrientations_iPhone = "UIInterfaceOrientationPortrait UIInterfaceOrientationLandscapeLeft UIInterfaceOrientationLandscapeRight";
				LD_RUNPATH_SEARCH_PATHS = (
					"$(inherited)",
					"@executable_path/Frameworks",
				);
				MARKETING_VERSION = 1.0;
				PRODUCT_BUNDLE_IDENTIFIER = com.azmal.awasaf.SpeechToText;
				PRODUCT_NAME = "$(TARGET_NAME)";
				SWIFT_EMIT_LOC_STRINGS = YES;
				SWIFT_VERSION = 5.0;
				TARGETED_DEVICE_FAMILY = "1,2";
			};
			name = Debug;
		};
		168EE5432E9E10BF00505CB2 /* Release */ = {
			isa = XCBuildConfiguration;
			buildSettings = {
				ASSETCATALOG_COMPILER_APPICON_NAME = AppIcon;
				ASSETCATALOG_COMPILER_GLOBAL_ACCENT_COLOR_NAME = AccentColor;
				CODE_SIGN_STYLE = Automatic;
				CURRENT_PROJECT_VERSION = 1;
				DEVELOPMENT_TEAM = BD7Y2B4ZKU;
				ENABLE_PREVIEWS = YES;
				GENERATE_INFOPLIST_FILE = YES;
				INFOPLIST_FILE = SpeechToText/Info.plist;
				INFOPLIST_KEY_LSApplicationCategoryType = "";
				INFOPLIST_KEY_NSMicrophoneUsageDescription = "Please Provide Your Mic Access";
				INFOPLIST_KEY_NSSpeechRecognitionUsageDescription = "We need access to your speech to convert it into text";
				INFOPLIST_KEY_UIApplicationSceneManifest_Generation = YES;
				INFOPLIST_KEY_UIApplicationSupportsIndirectInputEvents = YES;
				INFOPLIST_KEY_UILaunchScreen_Generation = YES;
				INFOPLIST_KEY_UISupportedInterfaceOrientations_iPad = "UIInterfaceOrientationPortrait UIInterfaceOrientationPortraitUpsideDown UIInterfaceOrientationLandscapeLeft UIInterfaceOrientationLandscapeRight";
				INFOPLIST_KEY_UISupportedInterfaceOrientations_iPhone = "UIInterfaceOrientationPortrait UIInterfaceOrientationLandscapeLeft UIInterfaceOrientationLandscapeRight";
				LD_RUNPATH_SEARCH_PATHS = (
					"$(inherited)",
					"@executable_path/Frameworks",
				);
				MARKETING_VERSION = 1.0;
				PRODUCT_BUNDLE_IDENTIFIER = com.azmal.awasaf.SpeechToText;
				PRODUCT_NAME = "$(TARGET_NAME)";
				SWIFT_EMIT_LOC_STRINGS = YES;
				SWIFT_VERSION = 5.0;
				TARGETED_DEVICE_FAMILY = "1,2";
			};
			name = Release;
		};
		168EE5452E9E10BF00505CB2 /* Debug */ = {
			isa = XCBuildConfiguration;
			buildSettings = {
				BUNDLE_LOADER = "$(TEST_HOST)";
				CODE_SIGN_STYLE = Automatic;
				CURRENT_PROJECT_VERSION = 1;
				DEVELOPMENT_TEAM = BD7Y2B4ZKU;
				GENERATE_INFOPLIST_FILE = YES;
				IPHONEOS_DEPLOYMENT_TARGET = 18.5;
				MARKETING_VERSION = 1.0;
				PRODUCT_BUNDLE_IDENTIFIER = com.azmal.awasaf.SpeechToTextTests;
				PRODUCT_NAME = "$(TARGET_NAME)";
				SWIFT_EMIT_LOC_STRINGS = NO;
				SWIFT_VERSION = 5.0;
				TARGETED_DEVICE_FAMILY = "1,2";
				TEST_HOST = "$(BUILT_PRODUCTS_DIR)/SpeechToText.app/$(BUNDLE_EXECUTABLE_FOLDER_PATH)/SpeechToText";
			};
			name = Debug;
		};
		168EE5462E9E10BF00505CB2 /* Release */ = {
			isa = XCBuildConfiguration;
			buildSettings = {
				BUNDLE_LOADER = "$(TEST_HOST)";
				CODE_SIGN_STYLE = Automatic;
				CURRENT_PROJECT_VERSION = 1;
				DEVELOPMENT_TEAM = BD7Y2B4ZKU;
				GENERATE_INFOPLIST_FILE = YES;
				IPHONEOS_DEPLOYMENT_TARGET = 18.5;
				MARKETING_VERSION = 1.0;
				PRODUCT_BUNDLE_IDENTIFIER = com.azmal.awasaf.SpeechToTextTests;
				PRODUCT_NAME = "$(TARGET_NAME)";
				SWIFT_EMIT_LOC_STRINGS = NO;
				SWIFT_VERSION = 5.0;
				TARGETED_DEVICE_FAMILY = "1,2";
				TEST_HOST = "$(BUILT_PRODUCTS_DIR)/SpeechToText.app/$(BUNDLE_EXECUTABLE_FOLDER_PATH)/SpeechToText";
			};
			name = Release;
		};
		168EE5482E9E10BF00505CB2 /* Debug */ = {
			isa = XCBuildConfiguration;
			buildSettings = {
				CODE_SIGN_STYLE = Automatic;
				CURRENT_PROJECT_VERSION = 1;
				DEVELOPMENT_TEAM = BD7Y2B4ZKU;
				GENERATE_INFOPLIST_FILE = YES;
				MARKETING_VERSION = 1.0;
				PRODUCT_BUNDLE_IDENTIFIER = com.azmal.awasaf.SpeechToTextUITests;
				PRODUCT_NAME = "$(TARGET_NAME)";
				SWIFT_EMIT_LOC_STRINGS = NO;
				SWIFT_VERSION = 5.0;
				TARGETED_DEVICE_FAMILY = "1,2";
				TEST_TARGET_NAME = SpeechToText;
			};
			name = Debug;
		};
		168EE5492E9E10BF00505CB2 /* Release */ = {
			isa = XCBuildConfiguration;
			buildSettings = {
				CODE_SIGN_STYLE = Automatic;
				CURRENT_PROJECT_VERSION = 1;
				DEVELOPMENT_TEAM = BD7Y2B4ZKU;
				GENERATE_INFOPLIST_FILE = YES;
				MARKETING_VERSION = 1.0;
				PRODUCT_BUNDLE_IDENTIFIER = com.azmal.awasaf.SpeechToTextUITests;
				PRODUCT_NAME = "$(TARGET_NAME)";
				SWIFT_EMIT_LOC_STRINGS = NO;
				SWIFT_VERSION = 5.0;
				TARGETED_DEVICE_FAMILY = "1,2";
				TEST_TARGET_NAME = SpeechToText;
			};
			name = Release;
		};
/* End XCBuildConfiguration section */

/* Begin XCConfigurationList section */
		168EE51B2E9E10BA00505CB2 /* Build configuration list for PBXProject "SpeechToText" */ = {
			isa = XCConfigurationList;
			buildConfigurations = (
				168EE53F2E9E10BF00505CB2 /* Debug */,
				168EE5402E9E10BF00505CB2 /* Release */,
			);
			defaultConfigurationIsVisible = 0;
			defaultConfigurationName = Release;
		};
		168EE5412E9E10BF00505CB2 /* Build configuration list for PBXNativeTarget "SpeechToText" */ = {
			isa = XCConfigurationList;
			buildConfigurations = (
				168EE5422E9E10BF00505CB2 /* Debug */,
				168EE5432E9E10BF00505CB2 /* Release */,
			);
			defaultConfigurationIsVisible = 0;
			defaultConfigurationName = Release;
		};
		168EE5442E9E10BF00505CB2 /* Build configuration list for PBXNativeTarget "SpeechToTextTests" */ = {
			isa = XCConfigurationList;
			buildConfigurations = (
				168EE5452E9E10BF00505CB2 /* Debug */,
				168EE5462E9E10BF00505CB2 /* Release */,
			);
			defaultConfigurationIsVisible = 0;
			defaultConfigurationName = Release;
		};
		168EE5472E9E10BF00505CB2 /* Build configuration list for PBXNativeTarget "SpeechToTextUITests" */ = {
			isa = XCConfigurationList;
			buildConfigurations = (
				168EE5482E9E10BF00505CB2 /* Debug */,
				168EE5492E9E10BF00505CB2 /* Release */,
			);
			defaultConfigurationIsVisible = 0;
			defaultConfigurationName = Release;
		};
/* End XCConfigurationList section */
	};
	rootObject = 168EE5182E9E10BA00505CB2 /* Project object */;
}
